
Microsoft Visual Studio Solution File, Format Version 12.00
# Visual Studio Version 16
VisualStudioVersion = 16.0.29728.190
MinimumVisualStudioVersion = 10.0.40219.1
Project("{FAE04EC0-301F-11D3-BF4B-00C04F79EFBC}") = "WebInterface", "WebInterface\WebInterface.csproj", "{16239B90-E0CB-42A4-8293-D33CC8180A7E}"
EndProject
Project("{FAE04EC0-301F-11D3-BF4B-00C04F79EFBC}") = "DiscordClient", "DiscordClient\DiscordClient.csproj", "{4ECAAEAE-3C57-496C-B641-46B82D8D92C3}"
EndProject
Global
	GlobalSection(SolutionConfigurationPlatforms) = preSolution
		Debug|Any CPU = Debug|Any CPU
		Release|Any CPU = Release|Any CPU
	EndGlobalSection
	GlobalSection(ProjectConfigurationPlatforms) = postSolution
		{16239B90-E0CB-42A4-8293-D33CC8180A7E}.Debug|Any CPU.ActiveCfg = Debug|Any CPU
		{16239B90-E0CB-42A4-8293-D33CC8180A7E}.Debug|Any CPU.Build.0 = Debug|Any CPU
		{16239B90-E0CB-42A4-8293-D33CC8180A7E}.Release|Any CPU.ActiveCfg = Release|Any CPU
		{16239B90-E0CB-42A4-8293-D33CC8180A7E}.Release|Any CPU.Build.0 = Release|Any CPU
		{4ECAAEAE-3C57-496C-B641-46B82D8D92C3}.Debug|Any CPU.ActiveCfg = Debug|Any CPU
		{4ECAAEAE-3C57-496C-B641-46B82D8D92C3}.Debug|Any CPU.Build.0 = Debug|Any CPU
		{4ECAAEAE-3C57-496C-B641-46B82D8D92C3}.Release|Any CPU.ActiveCfg = Release|Any CPU
		{4ECAAEAE-3C57-496C-B641-46B82D8D92C3}.Release|Any CPU.Build.0 = Release|Any CPU
	EndGlobalSection
	GlobalSection(SolutionProperties) = preSolution
		HideSolutionNode = FALSE
	EndGlobalSection
	GlobalSection(ExtensibilityGlobals) = postSolution
		SolutionGuid = {DFE17BDB-6468-4DD3-A9FB-ACA0F4A509F9}
	EndGlobalSection
EndGlobal
